
Microsoft Visual Studio Solution File, Format Version 12.00
# Visual Studio 14
VisualStudioVersion = 14.0.25420.1
MinimumVisualStudioVersion = 10.0.40219.1
Project("{FAE04EC0-301F-11D3-BF4B-00C04F79EFBC}") = "BOM_SET", "BOM_SET\BOM_SET.csproj", "{02352429-1850-431F-A5CD-6A9D76755148}"
	ProjectSection(ProjectDependencies) = postProject
		{CF2FE340-EC22-4E1D-B4B8-68C50FF3820D} = {CF2FE340-EC22-4E1D-B4B8-68C50FF3820D}
		{4BA4719C-C6AB-49BA-9754-848CA24C1FD6} = {4BA4719C-C6AB-49BA-9754-848CA24C1FD6}
	EndProjectSection
EndProject
Project("{FAE04EC0-301F-11D3-BF4B-00C04F79EFBC}") = "AutoUpdater", "D:\搜狗高速下载\win7更新\autoUpdater\AutoUpdater\AutoUpdater.csproj", "{4BA4719C-C6AB-49BA-9754-848CA24C1FD6}"
EndProject
Project("{FAE04EC0-301F-11D3-BF4B-00C04F79EFBC}") = "UpdateForm", "D:\搜狗高速下载\win7更新\autoUpdater\UpdateForm\UpdateForm.csproj", "{CF2FE340-EC22-4E1D-B4B8-68C50FF3820D}"
EndProject
Global
	GlobalSection(SolutionConfigurationPlatforms) = preSolution
		Debug|Any CPU = Debug|Any CPU
		Release|Any CPU = Release|Any CPU
	EndGlobalSection
	GlobalSection(ProjectConfigurationPlatforms) = postSolution
		{02352429-1850-431F-A5CD-6A9D76755148}.Debug|Any CPU.ActiveCfg = Debug|Any CPU
		{02352429-1850-431F-A5CD-6A9D76755148}.Debug|Any CPU.Build.0 = Debug|Any CPU
		{02352429-1850-431F-A5CD-6A9D76755148}.Release|Any CPU.ActiveCfg = Release|Any CPU
		{02352429-1850-431F-A5CD-6A9D76755148}.Release|Any CPU.Build.0 = Release|Any CPU
		{4BA4719C-C6AB-49BA-9754-848CA24C1FD6}.Debug|Any CPU.ActiveCfg = Debug|Any CPU
		{4BA4719C-C6AB-49BA-9754-848CA24C1FD6}.Debug|Any CPU.Build.0 = Debug|Any CPU
		{4BA4719C-C6AB-49BA-9754-848CA24C1FD6}.Release|Any CPU.ActiveCfg = Release|Any CPU
		{4BA4719C-C6AB-49BA-9754-848CA24C1FD6}.Release|Any CPU.Build.0 = Release|Any CPU
		{CF2FE340-EC22-4E1D-B4B8-68C50FF3820D}.Debug|Any CPU.ActiveCfg = Debug|Any CPU
		{CF2FE340-EC22-4E1D-B4B8-68C50FF3820D}.Debug|Any CPU.Build.0 = Debug|Any CPU
		{CF2FE340-EC22-4E1D-B4B8-68C50FF3820D}.Release|Any CPU.ActiveCfg = Release|Any CPU
		{CF2FE340-EC22-4E1D-B4B8-68C50FF3820D}.Release|Any CPU.Build.0 = Release|Any CPU
	EndGlobalSection
	GlobalSection(SolutionProperties) = preSolution
		HideSolutionNode = FALSE
	EndGlobalSection
EndGlobal
